// !$*UTF8*$!
{
	archiveVersion = 1;
	classes = {
	};
	objectVersion = 46;
	objects = {

/* Begin PBXBuildFile section */
		A7C90630194249DD008464F5 /* AppDelegate.swift in Sources */ = {isa = PBXBuildFile; fileRef = A7C9062F194249DD008464F5 /* AppDelegate.swift */; };
		A7C90632194249DD008464F5 /* Images.xcassets in Resources */ = {isa = PBXBuildFile; fileRef = A7C90631194249DD008464F5 /* Images.xcassets */; };
		A7C9063E194249DD008464F5 /* Start01Tests.swift in Sources */ = {isa = PBXBuildFile; fileRef = A7C9063D194249DD008464F5 /* Start01Tests.swift */; };
/* End PBXBuildFile section */

/* Begin PBXContainerItemProxy section */
		A7C90638194249DD008464F5 /* PBXContainerItemProxy */ = {
			isa = PBXContainerItemProxy;
			containerPortal = A7C90622194249DD008464F5 /* Project object */;
			proxyType = 1;
			remoteGlobalIDString = A7C90629194249DD008464F5;
			remoteInfo = Start01;
		};
/* End PBXContainerItemProxy section */

/* Begin PBXFileReference section */
		A7C9062A194249DD008464F5 /* Start01.app */ = {isa = PBXFileReference; explicitFileType = wrapper.application; includeInIndex = 0; path = Start01.app; sourceTree = BUILT_PRODUCTS_DIR; };
		A7C9062E194249DD008464F5 /* Info.plist */ = {isa = PBXFileReference; lastKnownFileType = text.plist.xml; path = Info.plist; sourceTree = "<group>"; };
		A7C9062F194249DD008464F5 /* AppDelegate.swift */ = {isa = PBXFileReference; lastKnownFileType = sourcecode.swift; path = AppDelegate.swift; sourceTree = "<group>"; };
		A7C90631194249DD008464F5 /* Images.xcassets */ = {isa = PBXFileReference; lastKnownFileType = folder.assetcatalog; path = Images.xcassets; sourceTree = "<group>"; };
		A7C90637194249DD008464F5 /* Start01Tests.xctest */ = {isa = PBXFileReference; explicitFileType = wrapper.cfbundle; includeInIndex = 0; path = Start01Tests.xctest; sourceTree = BUILT_PRODUCTS_DIR; };
		A7C9063C194249DD008464F5 /* Info.plist */ = {isa = PBXFileReference; lastKnownFileType = text.plist.xml; path = Info.plist; sourceTree = "<group>"; };
		A7C9063D194249DD008464F5 /* Start01Tests.swift */ = {isa = PBXFileReference; lastKnownFileType = sourcecode.swift; path = Start01Tests.swift; sourceTree = "<group>"; };
/* End PBXFileReference section */

/* Begin PBXFrameworksBuildPhase section */
		A7C90627194249DD008464F5 /* Frameworks */ = {
			isa = PBXFrameworksBuildPhase;
			buildActionMask = 2147483647;
			files = (
			);
			runOnlyForDeploymentPostprocessing = 0;
		};
		A7C90634194249DD008464F5 /* Frameworks */ = {
			isa = PBXFrameworksBuildPhase;
			buildActionMask = 2147483647;
			files = (
			);
			runOnlyForDeploymentPostprocessing = 0;
		};
/* End PBXFrameworksBuildPhase section */

/* Begin PBXGroup section */
		A7C90621194249DD008464F5 = {
			isa = PBXGroup;
			children = (
				A7C9062C194249DD008464F5 /* Start01 */,
				A7C9063A194249DD008464F5 /* Start01Tests */,
				A7C9062B194249DD008464F5 /* Products */,
			);
			sourceTree = "<group>";
		};
		A7C9062B194249DD008464F5 /* Products */ = {
			isa = PBXGroup;
			children = (
				A7C9062A194249DD008464F5 /* Start01.app */,
				A7C90637194249DD008464F5 /* Start01Tests.xctest */,
			);
			name = Products;
			sourceTree = "<group>";
		};
		A7C9062C194249DD008464F5 /* Start01 */ = {
			isa = PBXGroup;
			children = (
				A7C9062F194249DD008464F5 /* AppDelegate.swift */,
				A7C90631194249DD008464F5 /* Images.xcassets */,
				A7C9062D194249DD008464F5 /* Supporting Files */,
			);
			path = Start01;
			sourceTree = "<group>";
		};
		A7C9062D194249DD008464F5 /* Supporting Files */ = {
			isa = PBXGroup;
			children = (
				A7C9062E194249DD008464F5 /* Info.plist */,
			);
			name = "Supporting Files";
			sourceTree = "<group>";
		};
		A7C9063A194249DD008464F5 /* Start01Tests */ = {
			isa = PBXGroup;
			children = (
				A7C9063D194249DD008464F5 /* Start01Tests.swift */,
				A7C9063B194249DD008464F5 /* Supporting Files */,
			);
			path = Start01Tests;
			sourceTree = "<group>";
		};
		A7C9063B194249DD008464F5 /* Supporting Files */ = {
			isa = PBXGroup;
			children = (
				A7C9063C194249DD008464F5 /* Info.plist */,
			);
			name = "Supporting Files";
			sourceTree = "<group>";
		};
/* End PBXGroup section */

/* Begin PBXNativeTarget section */
		A7C90629194249DD008464F5 /* Start01 */ = {
			isa = PBXNativeTarget;
			buildConfigurationList = A7C90641194249DD008464F5 /* Build configuration list for PBXNativeTarget "Start01" */;
			buildPhases = (
				A7C90626194249DD008464F5 /* Sources */,
				A7C90627194249DD008464F5 /* Frameworks */,
				A7C90628194249DD008464F5 /* Resources */,
			);
			buildRules = (
			);
			dependencies = (
			);
			name = Start01;
			productName = Start01;
			productReference = A7C9062A194249DD008464F5 /* Start01.app */;
			productType = "com.apple.product-type.application";
		};
		A7C90636194249DD008464F5 /* Start01Tests */ = {
			isa = PBXNativeTarget;
			buildConfigurationList = A7C90644194249DD008464F5 /* Build configuration list for PBXNativeTarget "Start01Tests" */;
			buildPhases = (
				A7C90633194249DD008464F5 /* Sources */,
				A7C90634194249DD008464F5 /* Frameworks */,
				A7C90635194249DD008464F5 /* Resources */,
			);
			buildRules = (
			);
			dependencies = (
				A7C90639194249DD008464F5 /* PBXTargetDependency */,
			);
			name = Start01Tests;
			productName = Start01Tests;
			productReference = A7C90637194249DD008464F5 /* Start01Tests.xctest */;
			productType = "com.apple.product-type.bundle.unit-test";
		};
/* End PBXNativeTarget section */

/* Begin PBXProject section */
		A7C90622194249DD008464F5 /* Project object */ = {
			isa = PBXProject;
			attributes = {
				LastUpgradeCheck = 0600;
				ORGANIZATIONNAME = "Michael Wilhelms";
				TargetAttributes = {
					A7C90629194249DD008464F5 = {
						CreatedOnToolsVersion = 6.0;
						DevelopmentTeam = 4Q3UY597J9;
					};
					A7C90636194249DD008464F5 = {
						CreatedOnToolsVersion = 6.0;
						TestTargetID = A7C90629194249DD008464F5;
					};
				};
			};
			buildConfigurationList = A7C90625194249DD008464F5 /* Build configuration list for PBXProject "Start01" */;
			compatibilityVersion = "Xcode 3.2";
			developmentRegion = English;
			hasScannedForEncodings = 0;
			knownRegions = (
				en,
			);
			mainGroup = A7C90621194249DD008464F5;
			productRefGroup = A7C9062B194249DD008464F5 /* Products */;
			projectDirPath = "";
			projectRoot = "";
			targets = (
				A7C90629194249DD008464F5 /* Start01 */,
				A7C90636194249DD008464F5 /* Start01Tests */,
			);
		};
/* End PBXProject section */

/* Begin PBXResourcesBuildPhase section */
		A7C90628194249DD008464F5 /* Resources */ = {
			isa = PBXResourcesBuildPhase;
			buildActionMask = 2147483647;
			files = (
				A7C90632194249DD008464F5 /* Images.xcassets in Resources */,
			);
			runOnlyForDeploymentPostprocessing = 0;
		};
		A7C90635194249DD008464F5 /* Resources */ = {
			isa = PBXResourcesBuildPhase;
			buildActionMask = 2147483647;
			files = (
			);
			runOnlyForDeploymentPostprocessing = 0;
		};
/* End PBXResourcesBuildPhase section */

/* Begin PBXSourcesBuildPhase section */
		A7C90626194249DD008464F5 /* Sources */ = {
			isa = PBXSourcesBuildPhase;
			buildActionMask = 2147483647;
			files = (
				A7C90630194249DD008464F5 /* AppDelegate.swift in Sources */,
			);
			runOnlyForDeploymentPostprocessing = 0;
		};
		A7C90633194249DD008464F5 /* Sources */ = {
			isa = PBXSourcesBuildPhase;
			buildActionMask = 2147483647;
			files = (
				A7C9063E194249DD008464F5 /* Start01Tests.swift in Sources */,
			);
			runOnlyForDeploymentPostprocessing = 0;
		};
/* End PBXSourcesBuildPhase section */

/* Begin PBXTargetDependency section */
		A7C90639194249DD008464F5 /* PBXTargetDependency */ = {
			isa = PBXTargetDependency;
			target = A7C90629194249DD008464F5 /* Start01 */;
			targetProxy = A7C90638194249DD008464F5 /* PBXContainerItemProxy */;
		};
/* End PBXTargetDependency section */

/* Begin XCBuildConfiguration section */
		A7C9063F194249DD008464F5 /* Debug */ = {
			isa = XCBuildConfiguration;
			buildSettings = {
				ALWAYS_SEARCH_USER_PATHS = NO;
				CLANG_CXX_LANGUAGE_STANDARD = "gnu++0x";
				CLANG_CXX_LIBRARY = "libc++";
				CLANG_ENABLE_MODULES = YES;
				CLANG_ENABLE_OBJC_ARC = YES;
				CLANG_WARN_BOOL_CONVERSION = YES;
				CLANG_WARN_CONSTANT_CONVERSION = YES;
				CLANG_WARN_DIRECT_OBJC_ISA_USAGE = YES_ERROR;
				CLANG_WARN_EMPTY_BODY = YES;
				CLANG_WARN_ENUM_CONVERSION = YES;
				CLANG_WARN_INT_CONVERSION = YES;
				CLANG_WARN_OBJC_ROOT_CLASS = YES_ERROR;
				CLANG_WARN_UNREACHABLE_CODE = YES;
				CLANG_WARN__DUPLICATE_METHOD_MATCH = YES;
				"CODE_SIGN_IDENTITY[sdk=iphoneos*]" = "iPhone Developer";
				COPY_PHASE_STRIP = NO;
				ENABLE_STRICT_OBJC_MSGSEND = YES;
				GCC_C_LANGUAGE_STANDARD = gnu99;
				GCC_DYNAMIC_NO_PIC = NO;
				GCC_OPTIMIZATION_LEVEL = 0;
				GCC_PREPROCESSOR_DEFINITIONS = (
					"DEBUG=1",
					"$(inherited)",
				);
				GCC_SYMBOLS_PRIVATE_EXTERN = NO;
				GCC_WARN_64_TO_32_BIT_CONVERSION = YES;
				GCC_WARN_ABOUT_RETURN_TYPE = YES_ERROR;
				GCC_WARN_UNDECLARED_SELECTOR = YES;
				GCC_WARN_UNINITIALIZED_AUTOS = YES_AGGRESSIVE;
				GCC_WARN_UNUSED_FUNCTION = YES;
				GCC_WARN_UNUSED_VARIABLE = YES;
				IPHONEOS_DEPLOYMENT_TARGET = 8.0;
				METAL_ENABLE_DEBUG_INFO = YES;
				ONLY_ACTIVE_ARCH = YES;
				SDKROOT = iphoneos;
				SWIFT_OPTIMIZATION_LEVEL = "-Onone";
				TARGETED_DEVICE_FAMILY = "1,2";
			};
			name = Debug;
		};
		A7C90640194249DD008464F5 /* Release */ = {
			isa = XCBuildConfiguration;
			buildSettings = {
				ALWAYS_SEARCH_USER_PATHS = NO;
				CLANG_CXX_LANGUAGE_STANDARD = "gnu++0x";
				CLANG_CXX_LIBRARY = "libc++";
				CLANG_ENABLE_MODULES = YES;
				CLANG_ENABLE_OBJC_ARC = YES;
				CLANG_WARN_BOOL_CONVERSION = YES;
				CLANG_WARN_CONSTANT_CONVERSION = YES;
				CLANG_WARN_DIRECT_OBJC_ISA_USAGE = YES_ERROR;
				CLANG_WARN_EMPTY_BODY = YES;
				CLANG_WARN_ENUM_CONVERSION = YES;
				CLANG_WARN_INT_CONVERSION = YES;
				CLANG_WARN_OBJC_ROOT_CLASS = YES_ERROR;
				CLANG_WARN_UNREACHABLE_CODE = YES;
				CLANG_WARN__DUPLICATE_METHOD_MATCH = YES;
				"CODE_SIGN_IDENTITY[sdk=iphoneos*]" = "iPhone Developer";
				COPY_PHASE_STRIP = YES;
				ENABLE_NS_ASSERTIONS = NO;
				ENABLE_STRICT_OBJC_MSGSEND = YES;
				GCC_C_LANGUAGE_STANDARD = gnu99;
				GCC_WARN_64_TO_32_BIT_CONVERSION = YES;
				GCC_WARN_ABOUT_RETURN_TYPE = YES_ERROR;
				GCC_WARN_UNDECLARED_SELECTOR = YES;
				GCC_WARN_UNINITIALIZED_AUTOS = YES_AGGRESSIVE;
				GCC_WARN_UNUSED_FUNCTION = YES;
				GCC_WARN_UNUSED_VARIABLE = YES;
				IPHONEOS_DEPLOYMENT_TARGET = 8.0;
				METAL_ENABLE_DEBUG_INFO = NO;
				SDKROOT = iphoneos;
				TARGETED_DEVICE_FAMILY = "1,2";
				VALIDATE_PRODUCT = YES;
			};
			name = Release;
		};
		A7C90642194249DD008464F5 /* Debug */ = {
			isa = XCBuildConfiguration;
			buildSettings = {
				ASSETCATALOG_COMPILER_APPICON_NAME = AppIcon;
				ASSETCATALOG_COMPILER_LAUNCHIMAGE_NAME = LaunchImage;
				CODE_SIGN_IDENTITY = "iPhone Developer";
				INFOPLIST_FILE = Start01/Info.plist;
				LD_RUNPATH_SEARCH_PATHS = "$(inherited) @executable_path/Frameworks";
				PRODUCT_NAME = "$(TARGET_NAME)";
			};
			name = Debug;
		};
		A7C90643194249DD008464F5 /* Release */ = {
			isa = XCBuildConfiguration;
			buildSettings = {
				ASSETCATALOG_COMPILER_APPICON_NAME = AppIcon;
				ASSETCATALOG_COMPILER_LAUNCHIMAGE_NAME = LaunchImage;
				CODE_SIGN_IDENTITY = "iPhone Developer";
				INFOPLIST_FILE = Start01/Info.plist;
				LD_RUNPATH_SEARCH_PATHS = "$(inherited) @executable_path/Frameworks";
				PRODUCT_NAME = "$(TARGET_NAME)";
			};
			name = Release;
		};
		A7C90645194249DD008464F5 /* Debug */ = {
			isa = XCBuildConfiguration;
			buildSettings = {
				BUNDLE_LOADER = "$(BUILT_PRODUCTS_DIR)/Start01.app/Start01";
				FRAMEWORK_SEARCH_PATHS = (
					"$(SDKROOT)/Developer/Library/Frameworks",
					"$(inherited)",
				);
				GCC_PREPROCESSOR_DEFINITIONS = (
					"DEBUG=1",
					"$(inherited)",
				);
				INFOPLIST_FILE = Start01Tests/Info.plist;
				LD_RUNPATH_SEARCH_PATHS = "$(inherited) @executable_path/Frameworks @loader_path/Frameworks";
				METAL_ENABLE_DEBUG_INFO = YES;
				PRODUCT_NAME = "$(TARGET_NAME)";
				TEST_HOST = "$(BUNDLE_LOADER)";
			};
			name = Debug;
		};
		A7C90646194249DD008464F5 /* Release */ = {
			isa = XCBuildConfiguration;
			buildSettings = {
				BUNDLE_LOADER = "$(BUILT_PRODUCTS_DIR)/Start01.app/Start01";
				FRAMEWORK_SEARCH_PATHS = (
					"$(SDKROOT)/Developer/Library/Frameworks",
					"$(inherited)",
				);
				INFOPLIST_FILE = Start01Tests/Info.plist;
				LD_RUNPATH_SEARCH_PATHS = "$(inherited) @executable_path/Frameworks @loader_path/Frameworks";
				METAL_ENABLE_DEBUG_INFO = NO;
				PRODUCT_NAME = "$(TARGET_NAME)";
				TEST_HOST = "$(BUNDLE_LOADER)";
			};
			name = Release;
		};
/* End XCBuildConfiguration section */

/* Begin XCConfigurationList section */
		A7C90625194249DD008464F5 /* Build configuration list for PBXProject "Start01" */ = {
			isa = XCConfigurationList;
			buildConfigurations = (
				A7C9063F194249DD008464F5 /* Debug */,
				A7C90640194249DD008464F5 /* Release */,
			);
			defaultConfigurationIsVisible = 0;
			defaultConfigurationName = Release;
		};
		A7C90641194249DD008464F5 /* Build configuration list for PBXNativeTarget "Start01" */ = {
			isa = XCConfigurationList;
			buildConfigurations = (
				A7C90642194249DD008464F5 /* Debug */,
				A7C90643194249DD008464F5 /* Release */,
			);
			defaultConfigurationIsVisible = 0;
		};
		A7C90644194249DD008464F5 /* Build configuration list for PBXNativeTarget "Start01Tests" */ = {
			isa = XCConfigurationList;
			buildConfigurations = (
				A7C90645194249DD008464F5 /* Debug */,
				A7C90646194249DD008464F5 /* Release */,
			);
			defaultConfigurationIsVisible = 0;
		};
/* End XCConfigurationList section */
	};
	rootObject = A7C90622194249DD008464F5 /* Project object */;
}
